
Microsoft Visual Studio Solution File, Format Version 12.00
# Visual Studio Version 16
VisualStudioVersion = 16.0.29318.209
MinimumVisualStudioVersion = 10.0.40219.1
Project("{FAE04EC0-301F-11D3-BF4B-00C04F79EFBC}") = "Project QLDSV", "Project QLDSV\Project QLDSV.csproj", "{A687D985-828A-4FF8-89ED-F38EE99C3305}"
EndProject
Global
	GlobalSection(SolutionConfigurationPlatforms) = preSolution
		Debug|Any CPU = Debug|Any CPU
		Release|Any CPU = Release|Any CPU
	EndGlobalSection
	GlobalSection(ProjectConfigurationPlatforms) = postSolution
		{A687D985-828A-4FF8-89ED-F38EE99C3305}.Debug|Any CPU.ActiveCfg = Debug|Any CPU
		{A687D985-828A-4FF8-89ED-F38EE99C3305}.Debug|Any CPU.Build.0 = Debug|Any CPU
		{A687D985-828A-4FF8-89ED-F38EE99C3305}.Release|Any CPU.ActiveCfg = Release|Any CPU
		{A687D985-828A-4FF8-89ED-F38EE99C3305}.Release|Any CPU.Build.0 = Release|Any CPU
	EndGlobalSection
	GlobalSection(SolutionProperties) = preSolution
		HideSolutionNode = FALSE
	EndGlobalSection
	GlobalSection(ExtensibilityGlobals) = postSolution
		SolutionGuid = {CDA6B2BF-76FF-4DB3-8FF7-0F949D7C502C}
	EndGlobalSection
EndGlobal
